
Microsoft Visual Studio Solution File, Format Version 12.00
# Visual Studio Version 17
VisualStudioVersion = 17.14.36105.17 d17.14
MinimumVisualStudioVersion = 10.0.40219.1
Project("{FAE04EC0-301F-11D3-BF4B-00C04F79EFBC}") = "BadMC_Launcher", "BadMC_Launcher\BadMC_Launcher.csproj", "{FB41FFC8-CFBD-4596-AEEF-6EAFE339AEBA}"
EndProject
Project("{2150E333-8FDC-42A3-9474-1A3956D46DE8}") = "Tests", "Tests", "{02EA681E-C7D8-13C7-8484-4AC65E1B71E8}"
EndProject
Project("{FAE04EC0-301F-11D3-BF4B-00C04F79EFBC}") = "BadMC_Launcher.Tests", "BadMC_Launcher.Tests\BadMC_Launcher.Tests.csproj", "{5DDF52C5-900B-9D9B-8D63-7F70EBA69900}"
EndProject
Project("{2150E333-8FDC-42A3-9474-1A3956D46DE8}") = "Solution Items", "Solution Items", "{474979DA-AC27-4A3C-B61F-39FD5C3B8C96}"
	ProjectSection(SolutionItems) = preProject
		.gitignore = .gitignore
		Directory.Build.props = Directory.Build.props
		Directory.Build.targets = Directory.Build.targets
		Directory.Packages.props = Directory.Packages.props
		global.json = global.json
	EndProjectSection
EndProject
Global
	GlobalSection(SolutionConfigurationPlatforms) = preSolution
		Debug|Any CPU = Debug|Any CPU
		Release|Any CPU = Release|Any CPU
	EndGlobalSection
	GlobalSection(ProjectConfigurationPlatforms) = postSolution
		{FB41FFC8-CFBD-4596-AEEF-6EAFE339AEBA}.Debug|Any CPU.ActiveCfg = Debug|Any CPU
		{FB41FFC8-CFBD-4596-AEEF-6EAFE339AEBA}.Debug|Any CPU.Build.0 = Debug|Any CPU
		{FB41FFC8-CFBD-4596-AEEF-6EAFE339AEBA}.Debug|Any CPU.Deploy.0 = Debug|Any CPU
		{FB41FFC8-CFBD-4596-AEEF-6EAFE339AEBA}.Release|Any CPU.ActiveCfg = Release|Any CPU
		{FB41FFC8-CFBD-4596-AEEF-6EAFE339AEBA}.Release|Any CPU.Build.0 = Release|Any CPU
		{FB41FFC8-CFBD-4596-AEEF-6EAFE339AEBA}.Release|Any CPU.Deploy.0 = Release|Any CPU
		{5DDF52C5-900B-9D9B-8D63-7F70EBA69900}.Debug|Any CPU.ActiveCfg = Debug|Any CPU
		{5DDF52C5-900B-9D9B-8D63-7F70EBA69900}.Debug|Any CPU.Build.0 = Debug|Any CPU
		{5DDF52C5-900B-9D9B-8D63-7F70EBA69900}.Debug|Any CPU.Deploy.0 = Debug|Any CPU
		{5DDF52C5-900B-9D9B-8D63-7F70EBA69900}.Release|Any CPU.ActiveCfg = Release|Any CPU
		{5DDF52C5-900B-9D9B-8D63-7F70EBA69900}.Release|Any CPU.Build.0 = Release|Any CPU
		{5DDF52C5-900B-9D9B-8D63-7F70EBA69900}.Release|Any CPU.Deploy.0 = Release|Any CPU
	EndGlobalSection
	GlobalSection(SolutionProperties) = preSolution
		HideSolutionNode = FALSE
	EndGlobalSection
	GlobalSection(NestedProjects) = preSolution
		{5DDF52C5-900B-9D9B-8D63-7F70EBA69900} = {02EA681E-C7D8-13C7-8484-4AC65E1B71E8}
	EndGlobalSection
	GlobalSection(ExtensibilityGlobals) = postSolution
		SolutionGuid = {D48ABA40-866E-4A92-B9F1-24BE0CC05649}
	EndGlobalSection
EndGlobal
